# This file is automatically @generated by Poetry 1.5.1 and should not be changed by hand.

[[package]]
name = "anyio"
version = "3.7.1"
description = "High level compatibility layer for multiple asynchronous event loop implementations"
optional = false
python-versions = ">=3.7"
files = [
    {file = "anyio-3.7.1-py3-none-any.whl", hash = "sha256:91dee416e570e92c64041bd18b900d1d6fa78dff7048769ce5ac5ddad004fbb5"},
    {file = "anyio-3.7.1.tar.gz", hash = "sha256:44a3c9aba0f5defa43261a8b3efb97891f2bd7d804e0e1f56419befa1adfc780"},
]

[package.dependencies]
exceptiongroup = {version = "*", markers = "python_version < \"3.11\""}
idna = ">=2.8"
sniffio = ">=1.1"

[package.extras]
doc = ["Sphinx", "packaging", "sphinx-autodoc-typehints (>=1.2.0)", "sphinx-rtd-theme (>=1.2.2)", "sphinxcontrib-jquery"]
test = ["anyio[trio]", "coverage[toml] (>=4.5)", "hypothesis (>=4.0)", "mock (>=4)", "psutil (>=5.9)", "pytest (>=7.0)", "pytest-mock (>=3.6.1)", "trustme", "uvloop (>=0.17)"]
trio = ["trio (<0.22)"]

[[package]]
name = "exceptiongroup"
version = "1.1.3"
description = "Backport of PEP 654 (exception groups)"
optional = false
python-versions = ">=3.7"
files = [
    {file = "exceptiongroup-1.1.3-py3-none-any.whl", hash = "sha256:343280667a4585d195ca1cf9cef84a4e178c4b6cf2274caef9859782b567d5e3"},
    {file = "exceptiongroup-1.1.3.tar.gz", hash = "sha256:097acd85d473d75af5bb98e41b61ff7fe35efe6675e4f9370ec6ec5126d160e9"},
]

[package.extras]
test = ["pytest (>=6)"]

[[package]]
name = "idna"
version = "3.4"
description = "Internationalized Domain Names in Applications (IDNA)"
optional = false
python-versions = ">=3.5"
files = [
    {file = "idna-3.4-py3-none-any.whl", hash = "sha256:90b77e79eaa3eba6de819a0c442c0b4ceefc341a7a2ab77d7562bf49f425c5c2"},
    {file = "idna-3.4.tar.gz", hash = "sha256:814f528e8dead7d329833b91c5faa87d60bf71824cd12a7530b5526063d02cb4"},
]

[[package]]
name = "paho-mqtt"
version = "1.6.1"
description = "MQTT version 5.0/3.1.1 client class"
optional = false
python-versions = "*"
files = [
    {file = "paho-mqtt-1.6.1.tar.gz", hash = "sha256:2a8291c81623aec00372b5a85558a372c747cbca8e9934dfe218638b8eefc26f"},
]

[package.extras]
proxy = ["PySocks"]

[[package]]
name = "python-slugify"
version = "5.0.2"
description = "A Python Slugify application that handles Unicode"
optional = false
python-versions = ">=3.6"
files = [
    {file = "python-slugify-5.0.2.tar.gz", hash = "sha256:f13383a0b9fcbe649a1892b9c8eb4f8eab1d6d84b84bb7a624317afa98159cab"},
    {file = "python_slugify-5.0.2-py2.py3-none-any.whl", hash = "sha256:6d8c5df75cd4a7c3a2d21e257633de53f52ab0265cd2d1dc62a730e8194a7380"},
]

[package.dependencies]
text-unidecode = ">=1.3"

[package.extras]
unidecode = ["Unidecode (>=1.1.1)"]

[[package]]
name = "ruff"
version = "0.0.47"
description = "An extremely fast Python linter, written in Rust."
optional = false
python-versions = ">=3.7"
files = [
    {file = "ruff-0.0.47-py3-none-macosx_10_7_x86_64.whl", hash = "sha256:5a7676ba137ddb48a372f5c0d1d36e0b540dc463e52bccec0cd5a7bb3ee445a6"},
    {file = "ruff-0.0.47-py3-none-macosx_10_9_x86_64.macosx_11_0_arm64.macosx_10_9_universal2.whl", hash = "sha256:8976cd08eaf7d3004a066d3bfc081a67a4a098b1a33a9124cb1e30ec6c82c350"},
    {file = "ruff-0.0.47-py3-none-manylinux_2_17_aarch64.manylinux2014_aarch64.whl", hash = "sha256:89fc2639359837a81790534c2cb731e72097ca2e196176d127e65df4947b56fb"},
    {file = "ruff-0.0.47-py3-none-manylinux_2_17_armv7l.manylinux2014_armv7l.whl", hash = "sha256:58a72fee08205f0a5227d2771cfa93249f5906f42164dd545113f81862667efa"},
    {file = "ruff-0.0.47-py3-none-manylinux_2_17_i686.manylinux2014_i686.whl", hash = "sha256:13f249fa61f07f79195fcc198fa6c95fcab28f8239c7a0d052a8c30bb4f5ac10"},
    {file = "ruff-0.0.47-py3-none-manylinux_2_17_ppc64.manylinux2014_ppc64.whl", hash = "sha256:6d41b983b217864931a414299b5277647063576b3acbb0fac434cb398dd400f4"},
    {file = "ruff-0.0.47-py3-none-manylinux_2_17_ppc64le.manylinux2014_ppc64le.whl", hash = "sha256:ba400ddd1d702add3dfe9f7716cb01118fe0f7a76d563d117042d52b8bdb8930"},
    {file = "ruff-0.0.47-py3-none-manylinux_2_17_s390x.manylinux2014_s390x.whl", hash = "sha256:f1e48c6bfd0e0e9e13123b4cf6867f2189156a0610b4162e830a471af8e9b91b"},
    {file = "ruff-0.0.47-py3-none-manylinux_2_17_x86_64.manylinux2014_x86_64.whl", hash = "sha256:dc71465271ec048b7bf1c6efb0eaa399a681b441987c39f2688a2c6bc3e090cf"},
    {file = "ruff-0.0.47-py3-none-musllinux_1_2_aarch64.whl", hash = "sha256:8b20f815f60aedf5645de37616844805137f84fd3192e425a6d1ab679e124739"},
    {file = "ruff-0.0.47-py3-none-musllinux_1_2_armv7l.whl", hash = "sha256:60a46a976c9aea046d0ada804e79ba081eb40cf7080b5e980aca68b3e5fbbf40"},
    {file = "ruff-0.0.47-py3-none-musllinux_1_2_i686.whl", hash = "sha256:3cf244cb464dbe358ea919da9037e0019b1c7722ccdcc97f2fc0ca1c66a34c56"},
    {file = "ruff-0.0.47-py3-none-musllinux_1_2_x86_64.whl", hash = "sha256:770a4b7aa9078410dbd8df2feccd9dfa2ba532b54139b33248ed2a0e41591c62"},
    {file = "ruff-0.0.47-py3-none-win32.whl", hash = "sha256:5e84ce23c3c2b07a1ae431e5de614294fb122ac611c258776948dc774707a6d5"},
    {file = "ruff-0.0.47-py3-none-win_amd64.whl", hash = "sha256:4da0b61955038037c483554bb16758da222d1091690959cdf594cc19b057796c"},
    {file = "ruff-0.0.47.tar.gz", hash = "sha256:206c8b0ffae4fe8dcb279089585d2fdcce8c56e2e2a313a8402619cee3f9331b"},
]

[[package]]
name = "sniffio"
version = "1.3.0"
description = "Sniff out which async library your code is running under"
optional = false
python-versions = ">=3.7"
files = [
    {file = "sniffio-1.3.0-py3-none-any.whl", hash = "sha256:eecefdce1e5bbfb7ad2eeaabf7c1eeb404d7757c379bd1f7e5cce9d8bf425384"},
    {file = "sniffio-1.3.0.tar.gz", hash = "sha256:e60305c5e5d314f5389259b7f22aaa33d8f7dee49763119234af3755c55b9101"},
]

[[package]]
name = "text-unidecode"
version = "1.3"
description = "The most basic Text::Unidecode port"
optional = false
python-versions = "*"
files = [
    {file = "text-unidecode-1.3.tar.gz", hash = "sha256:bad6603bb14d279193107714b288be206cac565dfa49aa5b105294dd5c4aab93"},
    {file = "text_unidecode-1.3-py2.py3-none-any.whl", hash = "sha256:1311f10e8b895935241623731c2ba64f4c455287888b18189350b67134a822e8"},
]

[metadata]
lock-version = "2.0"
python-versions = "^3.9"
content-hash = "935a17ce83742dfda230e61e192891eda7ff7af4dcfa792cceb4d0225a14aaf1"
